
Microsoft Visual Studio Solution File, Format Version 12.00
Project("{2150E333-8FDC-42A3-9474-1A3956D46DE8}") = "src", "src", "{5625E5EA-BB60-405E-A5AB-C20537024070}"
EndProject
Project("{FAE04EC0-301F-11D3-BF4B-00C04F79EFBC}") = "Eshop.Core", "src\Eshop.Core\Eshop.Core.csproj", "{67F33F9D-9CEA-4CA0-9DB3-2EE116C7E7F8}"
EndProject
Project("{FAE04EC0-301F-11D3-BF4B-00C04F79EFBC}") = "Eshop.Infrastructure.EfCore", "src\Eshop.Infrastructure.EfCore\Eshop.Infrastructure.EfCore.csproj", "{D8511575-9D96-4A30-BB56-18A44470E203}"
EndProject
Project("{FAE04EC0-301F-11D3-BF4B-00C04F79EFBC}") = "Eshop.Infrastructure.OTel", "src\Eshop.Infrastructure.OTel\Eshop.Infrastructure.OTel.csproj", "{504DD420-E681-40AA-B47E-CA780EA9E887}"
EndProject
Project("{FAE04EC0-301F-11D3-BF4B-00C04F79EFBC}") = "Eshop.Infrastructure", "src\Eshop.Infrastructure\Eshop.Infrastructure.csproj", "{89CDC55F-6560-408D-AF16-A1F768C76850}"
EndProject
Project("{2150E333-8FDC-42A3-9474-1A3956D46DE8}") = "samples", "samples", "{B0FEFC10-7996-4EE6-97F4-33E33E6D50E2}"
EndProject
Project("{2150E333-8FDC-42A3-9474-1A3956D46DE8}") = "Gateways", "Gateways", "{6A61086F-17DD-44F4-9394-76ED4F7C405F}"
EndProject
Project("{2150E333-8FDC-42A3-9474-1A3956D46DE8}") = "Customers", "Customers", "{7E20EFCB-26DD-4F4D-BAFF-47CE4F6A0DCE}"
EndProject
Project("{2150E333-8FDC-42A3-9474-1A3956D46DE8}") = "DataContracts", "DataContracts", "{26A63121-3CE8-4B63-AE18-B37C1F9CAE36}"
EndProject
Project("{2150E333-8FDC-42A3-9474-1A3956D46DE8}") = "IdentityServer", "IdentityServer", "{8C0E550D-1F10-4C31-A512-8BA832C25301}"
EndProject
Project("{2150E333-8FDC-42A3-9474-1A3956D46DE8}") = "Products", "Products", "{054EF7D1-5588-42E7-B057-F431A5F2F1E6}"
EndProject
Project("{2150E333-8FDC-42A3-9474-1A3956D46DE8}") = "Settings", "Settings", "{ED952DDE-D436-4A32-9ABC-DBF46BE677A6}"
EndProject
Project("{2150E333-8FDC-42A3-9474-1A3956D46DE8}") = "test", "test", "{639F4B09-92B8-4486-A838-9E526FAC538D}"
EndProject
Project("{2150E333-8FDC-42A3-9474-1A3956D46DE8}") = "build", "build", "{D29ECAB8-D053-43B8-BB5E-58C23EC812A3}"
EndProject
Project("{FAE04EC0-301F-11D3-BF4B-00C04F79EFBC}") = "App.Ocelot", "samples\App.Ocelot\App.Ocelot.csproj", "{39139CF6-8993-4EAF-A96B-87C9803264AA}"
EndProject
Project("{FAE04EC0-301F-11D3-BF4B-00C04F79EFBC}") = "App.Yarp", "samples\App.Yarp\App.Yarp.csproj", "{3202765C-12A1-4F9C-9F3D-FC3DC508CA41}"
EndProject
Project("{FAE04EC0-301F-11D3-BF4B-00C04F79EFBC}") = "CustomerService.Api", "samples\CustomerService.Api\CustomerService.Api.csproj", "{DD90CDCD-01E8-4745-AFD7-F0F400BE4CBD}"
EndProject
Project("{FAE04EC0-301F-11D3-BF4B-00C04F79EFBC}") = "CustomerService.Infrastructure", "samples\CustomerService.Infrastructure\CustomerService.Infrastructure.csproj", "{C70849C4-FEAD-4BC3-A1C2-63844C88E738}"
EndProject
Project("{FAE04EC0-301F-11D3-BF4B-00C04F79EFBC}") = "CustomerService.Application", "samples\CustomerService.Application\CustomerService.Application.csproj", "{C2948293-26BF-4DF0-80A6-2C7FC83B26DB}"
EndProject
Project("{FAE04EC0-301F-11D3-BF4B-00C04F79EFBC}") = "DataContractor.ApplicationContracts", "samples\DataContractor.ApplicationContracts\DataContractor.ApplicationContracts.csproj", "{5A209AD6-D626-4F77-BFDB-D6D1A4F0FF43}"
EndProject
Project("{FAE04EC0-301F-11D3-BF4B-00C04F79EFBC}") = "DataContractor.IntegrationEvent", "samples\DataContractor.IntegrationEvent\DataContractor.IntegrationEvent.csproj", "{6C221034-5E3F-40BB-94BE-5B75C2CF9BC8}"
EndProject
Project("{FAE04EC0-301F-11D3-BF4B-00C04F79EFBC}") = "CustomerService.Core", "samples\CustomerService.Core\CustomerService.Core.csproj", "{3219EE0F-C57F-4B9E-B32A-D2D6EC140026}"
EndProject
Global
	GlobalSection(SolutionConfigurationPlatforms) = preSolution
		Debug|Any CPU = Debug|Any CPU
		Release|Any CPU = Release|Any CPU
	EndGlobalSection
	GlobalSection(NestedProjects) = preSolution
		{67F33F9D-9CEA-4CA0-9DB3-2EE116C7E7F8} = {5625E5EA-BB60-405E-A5AB-C20537024070}
		{D8511575-9D96-4A30-BB56-18A44470E203} = {5625E5EA-BB60-405E-A5AB-C20537024070}
		{504DD420-E681-40AA-B47E-CA780EA9E887} = {5625E5EA-BB60-405E-A5AB-C20537024070}
		{89CDC55F-6560-408D-AF16-A1F768C76850} = {5625E5EA-BB60-405E-A5AB-C20537024070}
		{6A61086F-17DD-44F4-9394-76ED4F7C405F} = {B0FEFC10-7996-4EE6-97F4-33E33E6D50E2}
		{7E20EFCB-26DD-4F4D-BAFF-47CE4F6A0DCE} = {B0FEFC10-7996-4EE6-97F4-33E33E6D50E2}
		{26A63121-3CE8-4B63-AE18-B37C1F9CAE36} = {B0FEFC10-7996-4EE6-97F4-33E33E6D50E2}
		{8C0E550D-1F10-4C31-A512-8BA832C25301} = {B0FEFC10-7996-4EE6-97F4-33E33E6D50E2}
		{054EF7D1-5588-42E7-B057-F431A5F2F1E6} = {B0FEFC10-7996-4EE6-97F4-33E33E6D50E2}
		{ED952DDE-D436-4A32-9ABC-DBF46BE677A6} = {B0FEFC10-7996-4EE6-97F4-33E33E6D50E2}
		{39139CF6-8993-4EAF-A96B-87C9803264AA} = {6A61086F-17DD-44F4-9394-76ED4F7C405F}
		{3202765C-12A1-4F9C-9F3D-FC3DC508CA41} = {6A61086F-17DD-44F4-9394-76ED4F7C405F}
		{DD90CDCD-01E8-4745-AFD7-F0F400BE4CBD} = {7E20EFCB-26DD-4F4D-BAFF-47CE4F6A0DCE}
		{C70849C4-FEAD-4BC3-A1C2-63844C88E738} = {7E20EFCB-26DD-4F4D-BAFF-47CE4F6A0DCE}
		{C2948293-26BF-4DF0-80A6-2C7FC83B26DB} = {7E20EFCB-26DD-4F4D-BAFF-47CE4F6A0DCE}
		{5A209AD6-D626-4F77-BFDB-D6D1A4F0FF43} = {26A63121-3CE8-4B63-AE18-B37C1F9CAE36}
		{6C221034-5E3F-40BB-94BE-5B75C2CF9BC8} = {26A63121-3CE8-4B63-AE18-B37C1F9CAE36}
		{3219EE0F-C57F-4B9E-B32A-D2D6EC140026} = {7E20EFCB-26DD-4F4D-BAFF-47CE4F6A0DCE}
	EndGlobalSection
	GlobalSection(ProjectConfigurationPlatforms) = postSolution
		{67F33F9D-9CEA-4CA0-9DB3-2EE116C7E7F8}.Debug|Any CPU.ActiveCfg = Debug|Any CPU
		{67F33F9D-9CEA-4CA0-9DB3-2EE116C7E7F8}.Debug|Any CPU.Build.0 = Debug|Any CPU
		{67F33F9D-9CEA-4CA0-9DB3-2EE116C7E7F8}.Release|Any CPU.ActiveCfg = Release|Any CPU
		{67F33F9D-9CEA-4CA0-9DB3-2EE116C7E7F8}.Release|Any CPU.Build.0 = Release|Any CPU
		{D8511575-9D96-4A30-BB56-18A44470E203}.Debug|Any CPU.ActiveCfg = Debug|Any CPU
		{D8511575-9D96-4A30-BB56-18A44470E203}.Debug|Any CPU.Build.0 = Debug|Any CPU
		{D8511575-9D96-4A30-BB56-18A44470E203}.Release|Any CPU.ActiveCfg = Release|Any CPU
		{D8511575-9D96-4A30-BB56-18A44470E203}.Release|Any CPU.Build.0 = Release|Any CPU
		{504DD420-E681-40AA-B47E-CA780EA9E887}.Debug|Any CPU.ActiveCfg = Debug|Any CPU
		{504DD420-E681-40AA-B47E-CA780EA9E887}.Debug|Any CPU.Build.0 = Debug|Any CPU
		{504DD420-E681-40AA-B47E-CA780EA9E887}.Release|Any CPU.ActiveCfg = Release|Any CPU
		{504DD420-E681-40AA-B47E-CA780EA9E887}.Release|Any CPU.Build.0 = Release|Any CPU
		{89CDC55F-6560-408D-AF16-A1F768C76850}.Debug|Any CPU.ActiveCfg = Debug|Any CPU
		{89CDC55F-6560-408D-AF16-A1F768C76850}.Debug|Any CPU.Build.0 = Debug|Any CPU
		{89CDC55F-6560-408D-AF16-A1F768C76850}.Release|Any CPU.ActiveCfg = Release|Any CPU
		{89CDC55F-6560-408D-AF16-A1F768C76850}.Release|Any CPU.Build.0 = Release|Any CPU
		{39139CF6-8993-4EAF-A96B-87C9803264AA}.Debug|Any CPU.ActiveCfg = Debug|Any CPU
		{39139CF6-8993-4EAF-A96B-87C9803264AA}.Debug|Any CPU.Build.0 = Debug|Any CPU
		{39139CF6-8993-4EAF-A96B-87C9803264AA}.Release|Any CPU.ActiveCfg = Release|Any CPU
		{39139CF6-8993-4EAF-A96B-87C9803264AA}.Release|Any CPU.Build.0 = Release|Any CPU
		{3202765C-12A1-4F9C-9F3D-FC3DC508CA41}.Debug|Any CPU.ActiveCfg = Debug|Any CPU
		{3202765C-12A1-4F9C-9F3D-FC3DC508CA41}.Debug|Any CPU.Build.0 = Debug|Any CPU
		{3202765C-12A1-4F9C-9F3D-FC3DC508CA41}.Release|Any CPU.ActiveCfg = Release|Any CPU
		{3202765C-12A1-4F9C-9F3D-FC3DC508CA41}.Release|Any CPU.Build.0 = Release|Any CPU
		{DD90CDCD-01E8-4745-AFD7-F0F400BE4CBD}.Debug|Any CPU.ActiveCfg = Debug|Any CPU
		{DD90CDCD-01E8-4745-AFD7-F0F400BE4CBD}.Debug|Any CPU.Build.0 = Debug|Any CPU
		{DD90CDCD-01E8-4745-AFD7-F0F400BE4CBD}.Release|Any CPU.ActiveCfg = Release|Any CPU
		{DD90CDCD-01E8-4745-AFD7-F0F400BE4CBD}.Release|Any CPU.Build.0 = Release|Any CPU
		{C70849C4-FEAD-4BC3-A1C2-63844C88E738}.Debug|Any CPU.ActiveCfg = Debug|Any CPU
		{C70849C4-FEAD-4BC3-A1C2-63844C88E738}.Debug|Any CPU.Build.0 = Debug|Any CPU
		{C70849C4-FEAD-4BC3-A1C2-63844C88E738}.Release|Any CPU.ActiveCfg = Release|Any CPU
		{C70849C4-FEAD-4BC3-A1C2-63844C88E738}.Release|Any CPU.Build.0 = Release|Any CPU
		{C2948293-26BF-4DF0-80A6-2C7FC83B26DB}.Debug|Any CPU.ActiveCfg = Debug|Any CPU
		{C2948293-26BF-4DF0-80A6-2C7FC83B26DB}.Debug|Any CPU.Build.0 = Debug|Any CPU
		{C2948293-26BF-4DF0-80A6-2C7FC83B26DB}.Release|Any CPU.ActiveCfg = Release|Any CPU
		{C2948293-26BF-4DF0-80A6-2C7FC83B26DB}.Release|Any CPU.Build.0 = Release|Any CPU
		{5A209AD6-D626-4F77-BFDB-D6D1A4F0FF43}.Debug|Any CPU.ActiveCfg = Debug|Any CPU
		{5A209AD6-D626-4F77-BFDB-D6D1A4F0FF43}.Debug|Any CPU.Build.0 = Debug|Any CPU
		{5A209AD6-D626-4F77-BFDB-D6D1A4F0FF43}.Release|Any CPU.ActiveCfg = Release|Any CPU
		{5A209AD6-D626-4F77-BFDB-D6D1A4F0FF43}.Release|Any CPU.Build.0 = Release|Any CPU
		{6C221034-5E3F-40BB-94BE-5B75C2CF9BC8}.Debug|Any CPU.ActiveCfg = Debug|Any CPU
		{6C221034-5E3F-40BB-94BE-5B75C2CF9BC8}.Debug|Any CPU.Build.0 = Debug|Any CPU
		{6C221034-5E3F-40BB-94BE-5B75C2CF9BC8}.Release|Any CPU.ActiveCfg = Release|Any CPU
		{6C221034-5E3F-40BB-94BE-5B75C2CF9BC8}.Release|Any CPU.Build.0 = Release|Any CPU
		{3219EE0F-C57F-4B9E-B32A-D2D6EC140026}.Debug|Any CPU.ActiveCfg = Debug|Any CPU
		{3219EE0F-C57F-4B9E-B32A-D2D6EC140026}.Debug|Any CPU.Build.0 = Debug|Any CPU
		{3219EE0F-C57F-4B9E-B32A-D2D6EC140026}.Release|Any CPU.ActiveCfg = Release|Any CPU
		{3219EE0F-C57F-4B9E-B32A-D2D6EC140026}.Release|Any CPU.Build.0 = Release|Any CPU
	EndGlobalSection
EndGlobal
